
Microsoft Visual Studio Solution File, Format Version 12.00
# Visual Studio Version 16
VisualStudioVersion = 16.0.30523.141
MinimumVisualStudioVersion = 10.0.40219.1
Project("{FAE04EC0-301F-11D3-BF4B-00C04F79EFBC}") = "Todo", "Todo\Todo.csproj", "{03759F55-B011-4F22-AAF2-8DD28955AE01}"
EndProject
Global
	GlobalSection(SolutionConfigurationPlatforms) = preSolution
		Debug|Any CPU = Debug|Any CPU
		Release|Any CPU = Release|Any CPU
	EndGlobalSection
	GlobalSection(ProjectConfigurationPlatforms) = postSolution
		{03759F55-B011-4F22-AAF2-8DD28955AE01}.Debug|Any CPU.ActiveCfg = Debug|Any CPU
		{03759F55-B011-4F22-AAF2-8DD28955AE01}.Debug|Any CPU.Build.0 = Debug|Any CPU
		{03759F55-B011-4F22-AAF2-8DD28955AE01}.Release|Any CPU.ActiveCfg = Release|Any CPU
		{03759F55-B011-4F22-AAF2-8DD28955AE01}.Release|Any CPU.Build.0 = Release|Any CPU
	EndGlobalSection
	GlobalSection(SolutionProperties) = preSolution
		HideSolutionNode = FALSE
	EndGlobalSection
	GlobalSection(ExtensibilityGlobals) = postSolution
		SolutionGuid = {E89D3F4C-E682-4256-A10A-0ABC24D412AA}
	EndGlobalSection
EndGlobal
